{
  "name": "atlasapprox-disease",
  "version": "0.1.0",
  "lockfileVersion": 3,
  "requires": true,
  "packages": {
    "": {
      "name": "atlasapprox-disease",
      "version": "0.1.0",
      "license": "MIT",
      "dependencies": {
        "atlasapprox-disease": "^0.1.0"
      }
    },
    "node_modules/atlasapprox-disease": {
      "version": "0.1.0",
      "resolved": "https://registry.npmjs.org/atlasapprox-disease/-/atlasapprox-disease-0.1.0.tgz",
      "integrity": "sha512-o4YT+lyWALIHAvpvc/qpVFoK278SV+mXEjJ0tHIPtuEKOe7GCDuBdDQEnacf4tO8aPGWZPOK8vJANaOdmrgpUw=="
    }
  }
}
